
Microsoft Visual Studio Solution File, Format Version 12.00
# Visual Studio Version 17
VisualStudioVersion = 17.2.32602.215
MinimumVisualStudioVersion = 10.0.40219.1
Project("{FAE04EC0-301F-11D3-BF4B-00C04F79EFBC}") = "API", "API\API.csproj", "{A8323705-95B8-446A-BA6C-9C35E5F6C03B}"
EndProject
Project("{FAE04EC0-301F-11D3-BF4B-00C04F79EFBC}") = "CORE", "CORE\CORE.csproj", "{103C66FF-9333-44DD-8113-80AD62533E49}"
EndProject
Project("{FAE04EC0-301F-11D3-BF4B-00C04F79EFBC}") = "Infraestructura", "Infraestructura\Infraestructura.csproj", "{6E4A13F1-64B8-43E8-A422-86A1DF4B0969}"
EndProject
Global
	GlobalSection(SolutionConfigurationPlatforms) = preSolution
		Debug|Any CPU = Debug|Any CPU
		Release|Any CPU = Release|Any CPU
	EndGlobalSection
	GlobalSection(ProjectConfigurationPlatforms) = postSolution
		{A8323705-95B8-446A-BA6C-9C35E5F6C03B}.Debug|Any CPU.ActiveCfg = Debug|Any CPU
		{A8323705-95B8-446A-BA6C-9C35E5F6C03B}.Debug|Any CPU.Build.0 = Debug|Any CPU
		{A8323705-95B8-446A-BA6C-9C35E5F6C03B}.Release|Any CPU.ActiveCfg = Release|Any CPU
		{A8323705-95B8-446A-BA6C-9C35E5F6C03B}.Release|Any CPU.Build.0 = Release|Any CPU
		{103C66FF-9333-44DD-8113-80AD62533E49}.Debug|Any CPU.ActiveCfg = Debug|Any CPU
		{103C66FF-9333-44DD-8113-80AD62533E49}.Debug|Any CPU.Build.0 = Debug|Any CPU
		{103C66FF-9333-44DD-8113-80AD62533E49}.Release|Any CPU.ActiveCfg = Release|Any CPU
		{103C66FF-9333-44DD-8113-80AD62533E49}.Release|Any CPU.Build.0 = Release|Any CPU
		{6E4A13F1-64B8-43E8-A422-86A1DF4B0969}.Debug|Any CPU.ActiveCfg = Debug|Any CPU
		{6E4A13F1-64B8-43E8-A422-86A1DF4B0969}.Debug|Any CPU.Build.0 = Debug|Any CPU
		{6E4A13F1-64B8-43E8-A422-86A1DF4B0969}.Release|Any CPU.ActiveCfg = Release|Any CPU
		{6E4A13F1-64B8-43E8-A422-86A1DF4B0969}.Release|Any CPU.Build.0 = Release|Any CPU
	EndGlobalSection
	GlobalSection(SolutionProperties) = preSolution
		HideSolutionNode = FALSE
	EndGlobalSection
	GlobalSection(ExtensibilityGlobals) = postSolution
		SolutionGuid = {FEE4F001-ADC1-4BDF-90FC-1F7B412178BB}
	EndGlobalSection
EndGlobal
